
Microsoft Visual Studio Solution File, Format Version 12.00
# Visual Studio Version 17
VisualStudioVersion = 17.7.34018.315
MinimumVisualStudioVersion = 10.0.40219.1
Project("{9A19103F-16F7-4668-BE54-9A1E7A4F7556}") = "ExpenseTracker", "ExpenseTracker\ExpenseTracker.csproj", "{FD52A1FF-6C42-494F-AA6E-80F10F70C24B}"
EndProject
Global
	GlobalSection(SolutionConfigurationPlatforms) = preSolution
		Debug|Any CPU = Debug|Any CPU
		Release|Any CPU = Release|Any CPU
	EndGlobalSection
	GlobalSection(ProjectConfigurationPlatforms) = postSolution
		{FD52A1FF-6C42-494F-AA6E-80F10F70C24B}.Debug|Any CPU.ActiveCfg = Debug|Any CPU
		{FD52A1FF-6C42-494F-AA6E-80F10F70C24B}.Debug|Any CPU.Build.0 = Debug|Any CPU
		{FD52A1FF-6C42-494F-AA6E-80F10F70C24B}.Release|Any CPU.ActiveCfg = Release|Any CPU
		{FD52A1FF-6C42-494F-AA6E-80F10F70C24B}.Release|Any CPU.Build.0 = Release|Any CPU
	EndGlobalSection
	GlobalSection(SolutionProperties) = preSolution
		HideSolutionNode = FALSE
	EndGlobalSection
	GlobalSection(ExtensibilityGlobals) = postSolution
		SolutionGuid = {800EBF95-0A11-440D-8796-AF2905CEB8F6}
	EndGlobalSection
EndGlobal
